
Microsoft Visual Studio Solution File, Format Version 12.00
# Visual Studio Version 17
VisualStudioVersion = 17.11.35208.52
MinimumVisualStudioVersion = 10.0.40219.1
Project("{9A19103F-16F7-4668-BE54-9A1E7A4F7556}") = "NumiEnemy", "NumiEnemy.csproj", "{DACFA3E6-3FB5-4284-B84A-307EB1DFE239}"
EndProject
Global
	GlobalSection(SolutionConfigurationPlatforms) = preSolution
		Debug|Any CPU = Debug|Any CPU
		Release|Any CPU = Release|Any CPU
	EndGlobalSection
	GlobalSection(ProjectConfigurationPlatforms) = postSolution
		{DACFA3E6-3FB5-4284-B84A-307EB1DFE239}.Debug|Any CPU.ActiveCfg = Debug|Any CPU
		{DACFA3E6-3FB5-4284-B84A-307EB1DFE239}.Debug|Any CPU.Build.0 = Debug|Any CPU
		{DACFA3E6-3FB5-4284-B84A-307EB1DFE239}.Release|Any CPU.ActiveCfg = Release|Any CPU
		{DACFA3E6-3FB5-4284-B84A-307EB1DFE239}.Release|Any CPU.Build.0 = Release|Any CPU
	EndGlobalSection
	GlobalSection(SolutionProperties) = preSolution
		HideSolutionNode = FALSE
	EndGlobalSection
	GlobalSection(ExtensibilityGlobals) = postSolution
		SolutionGuid = {BA5F23DE-F86A-4351-AC71-424F7868D2AF}
	EndGlobalSection
EndGlobal
